PODS:
  - Alamofire (4.9.1)
  - Bolts/Tasks (1.9.0)
  - Parse (1.17.3):
    - Parse/Core (= 1.17.3)
  - Parse/Core (1.17.3):
    - Bolts/Tasks (~> 1.9)

DEPENDENCIES:
  - Alamofire
  - Parse

SPEC REPOS:
  trunk:
    - Alamofire
    - Bolts
    - Parse

SPEC CHECKSUMS:
  Alamofire: 85e8a02c69d6020a0d734f6054870d7ecb75cf18
  Bolts: ac6567323eac61e203f6a9763667d0f711be34c8
  Parse: c1ad2a04d2cab2b54b6fb7da05f741abf2cf57d1

PODFILE CHECKSUM: 1e719133d1d61a2d990ca2fb84c490d1197c7c7d

COCOAPODS: 1.8.4
