// !$*UTF8*$!
{
	archiveVersion = 1;
	classes = {
	};
	objectVersion = 51;
	objects = {

/* Begin PBXBuildFile section */
		4D46F67A23E5F04F00E898DE /* LogInViewController.swift in Sources */ = {isa = PBXBuildFile; fileRef = 4D46F67923E5F04F00E898DE /* LogInViewController.swift */; };
		4DAA1A7C23E64F1100181C2F /* TradeRequestViewController.swift in Sources */ = {isa = PBXBuildFile; fileRef = 4DAA1A7B23E64F1100181C2F /* TradeRequestViewController.swift */; };
		4DAA1A7E23E683AD00181C2F /* ProfileViewController.swift in Sources */ = {isa = PBXBuildFile; fileRef = 4DAA1A7D23E683AD00181C2F /* ProfileViewController.swift */; };
		4DAA1A8023E68D8200181C2F /* BigPetrViewController.swift in Sources */ = {isa = PBXBuildFile; fileRef = 4DAA1A7F23E68D8200181C2F /* BigPetrViewController.swift */; };
		4DEF699A23E60B930070D413 /* TradeViewController.swift in Sources */ = {isa = PBXBuildFile; fileRef = 4DEF699923E60B930070D413 /* TradeViewController.swift */; };
		4DEF699C23E612A10070D413 /* TradeTableViewCell.swift in Sources */ = {isa = PBXBuildFile; fileRef = 4DEF699B23E612A10070D413 /* TradeTableViewCell.swift */; };
		A7D1D89F23E568D200FF1270 /* AppDelegate.swift in Sources */ = {isa = PBXBuildFile; fileRef = A7D1D89E23E568D200FF1270 /* AppDelegate.swift */; };
		A7D1D8A123E568D200FF1270 /* SceneDelegate.swift in Sources */ = {isa = PBXBuildFile; fileRef = A7D1D8A023E568D200FF1270 /* SceneDelegate.swift */; };
		A7D1D8A623E568D200FF1270 /* Main.storyboard in Resources */ = {isa = PBXBuildFile; fileRef = A7D1D8A423E568D200FF1270 /* Main.storyboard */; };
		A7D1D8A923E568D200FF1270 /* PetrTradr.xcdatamodeld in Sources */ = {isa = PBXBuildFile; fileRef = A7D1D8A723E568D200FF1270 /* PetrTradr.xcdatamodeld */; };
		A7D1D8AB23E568D400FF1270 /* Assets.xcassets in Resources */ = {isa = PBXBuildFile; fileRef = A7D1D8AA23E568D400FF1270 /* Assets.xcassets */; };
		A7D1D8AE23E568D400FF1270 /* LaunchScreen.storyboard in Resources */ = {isa = PBXBuildFile; fileRef = A7D1D8AC23E568D400FF1270 /* LaunchScreen.storyboard */; };
		A7F8538D23E5820400290156 /* HomePageViewController.swift in Sources */ = {isa = PBXBuildFile; fileRef = A7F8538C23E5820400290156 /* HomePageViewController.swift */; };
		B17513C723E602D800B81532 /* ReminderTableViewController.swift in Sources */ = {isa = PBXBuildFile; fileRef = B17513C623E602D700B81532 /* ReminderTableViewController.swift */; };
		B17513C923E602FD00B81532 /* ReminderCell.swift in Sources */ = {isa = PBXBuildFile; fileRef = B17513C823E602FD00B81532 /* ReminderCell.swift */; };
		B17513CB23E603BD00B81532 /* ReminderFormViewController.swift in Sources */ = {isa = PBXBuildFile; fileRef = B17513CA23E603BD00B81532 /* ReminderFormViewController.swift */; };
		B17513CD23E6D9A200B81532 /* ContactViewController.swift in Sources */ = {isa = PBXBuildFile; fileRef = B17513CC23E6D9A200B81532 /* ContactViewController.swift */; };
		FDC79688D26BD8AB19165403 /* Pods_PetrTradr.framework in Frameworks */ = {isa = PBXBuildFile; fileRef = 07359844E7D7BA218DEA28FA /* Pods_PetrTradr.framework */; };
/* End PBXBuildFile section */

/* Begin PBXFileReference section */
		07359844E7D7BA218DEA28FA /* Pods_PetrTradr.framework */ = {isa = PBXFileReference; explicitFileType = wrapper.framework; includeInIndex = 0; path = Pods_PetrTradr.framework; sourceTree = BUILT_PRODUCTS_DIR; };
		4D46F67923E5F04F00E898DE /* LogInViewController.swift */ = {isa = PBXFileReference; lastKnownFileType = sourcecode.swift; path = LogInViewController.swift; sourceTree = "<group>"; };
		4DAA1A7B23E64F1100181C2F /* TradeRequestViewController.swift */ = {isa = PBXFileReference; lastKnownFileType = sourcecode.swift; path = TradeRequestViewController.swift; sourceTree = "<group>"; };
		4DAA1A7D23E683AD00181C2F /* ProfileViewController.swift */ = {isa = PBXFileReference; lastKnownFileType = sourcecode.swift; path = ProfileViewController.swift; sourceTree = "<group>"; };
		4DAA1A7F23E68D8200181C2F /* BigPetrViewController.swift */ = {isa = PBXFileReference; lastKnownFileType = sourcecode.swift; path = BigPetrViewController.swift; sourceTree = "<group>"; };
		4DEF699923E60B930070D413 /* TradeViewController.swift */ = {isa = PBXFileReference; lastKnownFileType = sourcecode.swift; path = TradeViewController.swift; sourceTree = "<group>"; };
		4DEF699B23E612A10070D413 /* TradeTableViewCell.swift */ = {isa = PBXFileReference; lastKnownFileType = sourcecode.swift; path = TradeTableViewCell.swift; sourceTree = "<group>"; };
		637499B5479D2E7D809F4D06 /* Pods-PetrTradr.debug.xcconfig */ = {isa = PBXFileReference; includeInIndex = 1; lastKnownFileType = text.xcconfig; name = "Pods-PetrTradr.debug.xcconfig"; path = "Target Support Files/Pods-PetrTradr/Pods-PetrTradr.debug.xcconfig"; sourceTree = "<group>"; };
		A7D1D89B23E568D200FF1270 /* PetrTradr.app */ = {isa = PBXFileReference; explicitFileType = wrapper.application; includeInIndex = 0; path = PetrTradr.app; sourceTree = BUILT_PRODUCTS_DIR; };
		A7D1D89E23E568D200FF1270 /* AppDelegate.swift */ = {isa = PBXFileReference; lastKnownFileType = sourcecode.swift; path = AppDelegate.swift; sourceTree = "<group>"; };
		A7D1D8A023E568D200FF1270 /* SceneDelegate.swift */ = {isa = PBXFileReference; lastKnownFileType = sourcecode.swift; path = SceneDelegate.swift; sourceTree = "<group>"; };
		A7D1D8A523E568D200FF1270 /* Base */ = {isa = PBXFileReference; lastKnownFileType = file.storyboard; name = Base; path = Base.lproj/Main.storyboard; sourceTree = "<group>"; };
		A7D1D8A823E568D200FF1270 /* PetrTradr.xcdatamodel */ = {isa = PBXFileReference; lastKnownFileType = wrapper.xcdatamodel; path = PetrTradr.xcdatamodel; sourceTree = "<group>"; };
		A7D1D8AA23E568D400FF1270 /* Assets.xcassets */ = {isa = PBXFileReference; lastKnownFileType = folder.assetcatalog; path = Assets.xcassets; sourceTree = "<group>"; };
		A7D1D8AD23E568D400FF1270 /* Base */ = {isa = PBXFileReference; lastKnownFileType = file.storyboard; name = Base; path = Base.lproj/LaunchScreen.storyboard; sourceTree = "<group>"; };
		A7D1D8AF23E568D400FF1270 /* Info.plist */ = {isa = PBXFileReference; lastKnownFileType = text.plist.xml; path = Info.plist; sourceTree = "<group>"; };
		A7F8538C23E5820400290156 /* HomePageViewController.swift */ = {isa = PBXFileReference; lastKnownFileType = sourcecode.swift; path = HomePageViewController.swift; sourceTree = "<group>"; };
		B17513C623E602D700B81532 /* ReminderTableViewController.swift */ = {isa = PBXFileReference; lastKnownFileType = sourcecode.swift; path = ReminderTableViewController.swift; sourceTree = "<group>"; };
		B17513C823E602FD00B81532 /* ReminderCell.swift */ = {isa = PBXFileReference; lastKnownFileType = sourcecode.swift; path = ReminderCell.swift; sourceTree = "<group>"; };
		B17513CA23E603BD00B81532 /* ReminderFormViewController.swift */ = {isa = PBXFileReference; lastKnownFileType = sourcecode.swift; path = ReminderFormViewController.swift; sourceTree = "<group>"; };
		B17513CC23E6D9A200B81532 /* ContactViewController.swift */ = {isa = PBXFileReference; lastKnownFileType = sourcecode.swift; path = ContactViewController.swift; sourceTree = "<group>"; };
		E56BF020727A0C77C83686BB /* Pods-PetrTradr.release.xcconfig */ = {isa = PBXFileReference; includeInIndex = 1; lastKnownFileType = text.xcconfig; name = "Pods-PetrTradr.release.xcconfig"; path = "Target Support Files/Pods-PetrTradr/Pods-PetrTradr.release.xcconfig"; sourceTree = "<group>"; };
/* End PBXFileReference section */

/* Begin PBXFrameworksBuildPhase section */
		A7D1D89823E568D200FF1270 /* Frameworks */ = {
			isa = PBXFrameworksBuildPhase;
			buildActionMask = 2147483647;
			files = (
				FDC79688D26BD8AB19165403 /* Pods_PetrTradr.framework in Frameworks */,
			);
			runOnlyForDeploymentPostprocessing = 0;
		};
/* End PBXFrameworksBuildPhase section */

/* Begin PBXGroup section */
		0C2859083F198ADA05661BA6 /* Frameworks */ = {
			isa = PBXGroup;
			children = (
				07359844E7D7BA218DEA28FA /* Pods_PetrTradr.framework */,
			);
			name = Frameworks;
			sourceTree = "<group>";
		};
		A7D1D89223E568D200FF1270 = {
			isa = PBXGroup;
			children = (
				A7D1D89D23E568D200FF1270 /* PetrTradr */,
				A7D1D89C23E568D200FF1270 /* Products */,
				DD5577E7494BFE3E5F693969 /* Pods */,
				0C2859083F198ADA05661BA6 /* Frameworks */,
			);
			sourceTree = "<group>";
		};
		A7D1D89C23E568D200FF1270 /* Products */ = {
			isa = PBXGroup;
			children = (
				A7D1D89B23E568D200FF1270 /* PetrTradr.app */,
			);
			name = Products;
			sourceTree = "<group>";
		};
		A7D1D89D23E568D200FF1270 /* PetrTradr */ = {
			isa = PBXGroup;
			children = (
				A7D1D89E23E568D200FF1270 /* AppDelegate.swift */,
				A7D1D8A023E568D200FF1270 /* SceneDelegate.swift */,
				A7F8538C23E5820400290156 /* HomePageViewController.swift */,
				A7D1D8A423E568D200FF1270 /* Main.storyboard */,
				A7D1D8AA23E568D400FF1270 /* Assets.xcassets */,
				A7D1D8AC23E568D400FF1270 /* LaunchScreen.storyboard */,
				A7D1D8AF23E568D400FF1270 /* Info.plist */,
				A7D1D8A723E568D200FF1270 /* PetrTradr.xcdatamodeld */,
				4D46F67923E5F04F00E898DE /* LogInViewController.swift */,
				B17513C623E602D700B81532 /* ReminderTableViewController.swift */,
				B17513C823E602FD00B81532 /* ReminderCell.swift */,
				B17513CA23E603BD00B81532 /* ReminderFormViewController.swift */,
				4DEF699923E60B930070D413 /* TradeViewController.swift */,
				4DEF699B23E612A10070D413 /* TradeTableViewCell.swift */,
				4DAA1A7B23E64F1100181C2F /* TradeRequestViewController.swift */,
				4DAA1A7D23E683AD00181C2F /* ProfileViewController.swift */,
				4DAA1A7F23E68D8200181C2F /* BigPetrViewController.swift */,
				B17513CC23E6D9A200B81532 /* ContactViewController.swift */,
			);
			path = PetrTradr;
			sourceTree = "<group>";
		};
		DD5577E7494BFE3E5F693969 /* Pods */ = {
			isa = PBXGroup;
			children = (
				637499B5479D2E7D809F4D06 /* Pods-PetrTradr.debug.xcconfig */,
				E56BF020727A0C77C83686BB /* Pods-PetrTradr.release.xcconfig */,
			);
			path = Pods;
			sourceTree = "<group>";
		};
/* End PBXGroup section */

/* Begin PBXNativeTarget section */
		A7D1D89A23E568D200FF1270 /* PetrTradr */ = {
			isa = PBXNativeTarget;
			buildConfigurationList = A7D1D8B223E568D400FF1270 /* Build configuration list for PBXNativeTarget "PetrTradr" */;
			buildPhases = (
				8A3C427D6DDDE6F9769DD052 /* [CP] Check Pods Manifest.lock */,
				A7D1D89723E568D200FF1270 /* Sources */,
				A7D1D89823E568D200FF1270 /* Frameworks */,
				A7D1D89923E568D200FF1270 /* Resources */,
				A69AC7829CA5A64EDAA26B56 /* [CP] Embed Pods Frameworks */,
			);
			buildRules = (
			);
			dependencies = (
			);
			name = PetrTradr;
			productName = PetrTradr;
			productReference = A7D1D89B23E568D200FF1270 /* PetrTradr.app */;
			productType = "com.apple.product-type.application";
		};
/* End PBXNativeTarget section */

/* Begin PBXProject section */
		A7D1D89323E568D200FF1270 /* Project object */ = {
			isa = PBXProject;
			attributes = {
				LastSwiftUpdateCheck = 1130;
				LastUpgradeCheck = 1130;
				ORGANIZATIONNAME = "Safiyah Lakhany";
				TargetAttributes = {
					A7D1D89A23E568D200FF1270 = {
						CreatedOnToolsVersion = 11.3.1;
					};
				};
			};
			buildConfigurationList = A7D1D89623E568D200FF1270 /* Build configuration list for PBXProject "PetrTradr" */;
			compatibilityVersion = "Xcode 9.3";
			developmentRegion = en;
			hasScannedForEncodings = 0;
			knownRegions = (
				en,
				Base,
			);
			mainGroup = A7D1D89223E568D200FF1270;
			productRefGroup = A7D1D89C23E568D200FF1270 /* Products */;
			projectDirPath = "";
			projectRoot = "";
			targets = (
				A7D1D89A23E568D200FF1270 /* PetrTradr */,
			);
		};
/* End PBXProject section */

/* Begin PBXResourcesBuildPhase section */
		A7D1D89923E568D200FF1270 /* Resources */ = {
			isa = PBXResourcesBuildPhase;
			buildActionMask = 2147483647;
			files = (
				A7D1D8AE23E568D400FF1270 /* LaunchScreen.storyboard in Resources */,
				A7D1D8AB23E568D400FF1270 /* Assets.xcassets in Resources */,
				A7D1D8A623E568D200FF1270 /* Main.storyboard in Resources */,
			);
			runOnlyForDeploymentPostprocessing = 0;
		};
/* End PBXResourcesBuildPhase section */

/* Begin PBXShellScriptBuildPhase section */
		8A3C427D6DDDE6F9769DD052 /* [CP] Check Pods Manifest.lock */ = {
			isa = PBXShellScriptBuildPhase;
			buildActionMask = 2147483647;
			files = (
			);
			inputFileListPaths = (
			);
			inputPaths = (
				"${PODS_PODFILE_DIR_PATH}/Podfile.lock",
				"${PODS_ROOT}/Manifest.lock",
			);
			name = "[CP] Check Pods Manifest.lock";
			outputFileListPaths = (
			);
			outputPaths = (
				"$(DERIVED_FILE_DIR)/Pods-PetrTradr-checkManifestLockResult.txt",
			);
			runOnlyForDeploymentPostprocessing = 0;
			shellPath = /bin/sh;
			shellScript = "diff \"${PODS_PODFILE_DIR_PATH}/Podfile.lock\" \"${PODS_ROOT}/Manifest.lock\" > /dev/null\nif [ $? != 0 ] ; then\n    # print error to STDERR\n    echo \"error: The sandbox is not in sync with the Podfile.lock. Run 'pod install' or update your CocoaPods installation.\" >&2\n    exit 1\nfi\n# This output is used by Xcode 'outputs' to avoid re-running this script phase.\necho \"SUCCESS\" > \"${SCRIPT_OUTPUT_FILE_0}\"\n";
			showEnvVarsInLog = 0;
		};
		A69AC7829CA5A64EDAA26B56 /* [CP] Embed Pods Frameworks */ = {
			isa = PBXShellScriptBuildPhase;
			buildActionMask = 2147483647;
			files = (
			);
			inputFileListPaths = (
				"${PODS_ROOT}/Target Support Files/Pods-PetrTradr/Pods-PetrTradr-frameworks-${CONFIGURATION}-input-files.xcfilelist",
			);
			name = "[CP] Embed Pods Frameworks";
			outputFileListPaths = (
				"${PODS_ROOT}/Target Support Files/Pods-PetrTradr/Pods-PetrTradr-frameworks-${CONFIGURATION}-output-files.xcfilelist",
			);
			runOnlyForDeploymentPostprocessing = 0;
			shellPath = /bin/sh;
			shellScript = "\"${PODS_ROOT}/Target Support Files/Pods-PetrTradr/Pods-PetrTradr-frameworks.sh\"\n";
			showEnvVarsInLog = 0;
		};
/* End PBXShellScriptBuildPhase section */

/* Begin PBXSourcesBuildPhase section */
		A7D1D89723E568D200FF1270 /* Sources */ = {
			isa = PBXSourcesBuildPhase;
			buildActionMask = 2147483647;
			files = (
				4DEF699A23E60B930070D413 /* TradeViewController.swift in Sources */,
				B17513CD23E6D9A200B81532 /* ContactViewController.swift in Sources */,
				B17513CB23E603BD00B81532 /* ReminderFormViewController.swift in Sources */,
				A7D1D89F23E568D200FF1270 /* AppDelegate.swift in Sources */,
				A7D1D8A923E568D200FF1270 /* PetrTradr.xcdatamodeld in Sources */,
				4DEF699C23E612A10070D413 /* TradeTableViewCell.swift in Sources */,
				A7F8538D23E5820400290156 /* HomePageViewController.swift in Sources */,
				4DAA1A8023E68D8200181C2F /* BigPetrViewController.swift in Sources */,
				4DAA1A7E23E683AD00181C2F /* ProfileViewController.swift in Sources */,
				B17513C923E602FD00B81532 /* ReminderCell.swift in Sources */,
				4D46F67A23E5F04F00E898DE /* LogInViewController.swift in Sources */,
				A7D1D8A123E568D200FF1270 /* SceneDelegate.swift in Sources */,
				4DAA1A7C23E64F1100181C2F /* TradeRequestViewController.swift in Sources */,
				B17513C723E602D800B81532 /* ReminderTableViewController.swift in Sources */,
			);
			runOnlyForDeploymentPostprocessing = 0;
		};
/* End PBXSourcesBuildPhase section */

/* Begin PBXVariantGroup section */
		A7D1D8A423E568D200FF1270 /* Main.storyboard */ = {
			isa = PBXVariantGroup;
			children = (
				A7D1D8A523E568D200FF1270 /* Base */,
			);
			name = Main.storyboard;
			sourceTree = "<group>";
		};
		A7D1D8AC23E568D400FF1270 /* LaunchScreen.storyboard */ = {
			isa = PBXVariantGroup;
			children = (
				A7D1D8AD23E568D400FF1270 /* Base */,
			);
			name = LaunchScreen.storyboard;
			sourceTree = "<group>";
		};
/* End PBXVariantGroup section */

/* Begin XCBuildConfiguration section */
		A7D1D8B023E568D400FF1270 /* Debug */ = {
			isa = XCBuildConfiguration;
			buildSettings = {
				ALWAYS_SEARCH_USER_PATHS = NO;
				CLANG_ANALYZER_NONNULL = YES;
				CLANG_ANALYZER_NUMBER_OBJECT_CONVERSION = YES_AGGRESSIVE;
				CLANG_CXX_LANGUAGE_STANDARD = "gnu++14";
				CLANG_CXX_LIBRARY = "libc++";
				CLANG_ENABLE_MODULES = YES;
				CLANG_ENABLE_OBJC_ARC = YES;
				CLANG_ENABLE_OBJC_WEAK = YES;
				CLANG_WARN_BLOCK_CAPTURE_AUTORELEASING = YES;
				CLANG_WARN_BOOL_CONVERSION = YES;
				CLANG_WARN_COMMA = YES;
				CLANG_WARN_CONSTANT_CONVERSION = YES;
				CLANG_WARN_DEPRECATED_OBJC_IMPLEMENTATIONS = YES;
				CLANG_WARN_DIRECT_OBJC_ISA_USAGE = YES_ERROR;
				CLANG_WARN_DOCUMENTATION_COMMENTS = YES;
				CLANG_WARN_EMPTY_BODY = YES;
				CLANG_WARN_ENUM_CONVERSION = YES;
				CLANG_WARN_INFINITE_RECURSION = YES;
				CLANG_WARN_INT_CONVERSION = YES;
				CLANG_WARN_NON_LITERAL_NULL_CONVERSION = YES;
				CLANG_WARN_OBJC_IMPLICIT_RETAIN_SELF = YES;
				CLANG_WARN_OBJC_LITERAL_CONVERSION = YES;
				CLANG_WARN_OBJC_ROOT_CLASS = YES_ERROR;
				CLANG_WARN_RANGE_LOOP_ANALYSIS = YES;
				CLANG_WARN_STRICT_PROTOTYPES = YES;
				CLANG_WARN_SUSPICIOUS_MOVE = YES;
				CLANG_WARN_UNGUARDED_AVAILABILITY = YES_AGGRESSIVE;
				CLANG_WARN_UNREACHABLE_CODE = YES;
				CLANG_WARN__DUPLICATE_METHOD_MATCH = YES;
				COPY_PHASE_STRIP = NO;
				DEBUG_INFORMATION_FORMAT = dwarf;
				ENABLE_STRICT_OBJC_MSGSEND = YES;
				ENABLE_TESTABILITY = YES;
				GCC_C_LANGUAGE_STANDARD = gnu11;
				GCC_DYNAMIC_NO_PIC = NO;
				GCC_NO_COMMON_BLOCKS = YES;
				GCC_OPTIMIZATION_LEVEL = 0;
				GCC_PREPROCESSOR_DEFINITIONS = (
					"DEBUG=1",
					"$(inherited)",
				);
				GCC_WARN_64_TO_32_BIT_CONVERSION = YES;
				GCC_WARN_ABOUT_RETURN_TYPE = YES_ERROR;
				GCC_WARN_UNDECLARED_SELECTOR = YES;
				GCC_WARN_UNINITIALIZED_AUTOS = YES_AGGRESSIVE;
				GCC_WARN_UNUSED_FUNCTION = YES;
				GCC_WARN_UNUSED_VARIABLE = YES;
				IPHONEOS_DEPLOYMENT_TARGET = 13.2;
				MTL_ENABLE_DEBUG_INFO = INCLUDE_SOURCE;
				MTL_FAST_MATH = YES;
				ONLY_ACTIVE_ARCH = YES;
				SDKROOT = iphoneos;
				SWIFT_ACTIVE_COMPILATION_CONDITIONS = DEBUG;
				SWIFT_OPTIMIZATION_LEVEL = "-Onone";
			};
			name = Debug;
		};
		A7D1D8B123E568D400FF1270 /* Release */ = {
			isa = XCBuildConfiguration;
			buildSettings = {
				ALWAYS_SEARCH_USER_PATHS = NO;
				CLANG_ANALYZER_NONNULL = YES;
				CLANG_ANALYZER_NUMBER_OBJECT_CONVERSION = YES_AGGRESSIVE;
				CLANG_CXX_LANGUAGE_STANDARD = "gnu++14";
				CLANG_CXX_LIBRARY = "libc++";
				CLANG_ENABLE_MODULES = YES;
				CLANG_ENABLE_OBJC_ARC = YES;
				CLANG_ENABLE_OBJC_WEAK = YES;
				CLANG_WARN_BLOCK_CAPTURE_AUTORELEASING = YES;
				CLANG_WARN_BOOL_CONVERSION = YES;
				CLANG_WARN_COMMA = YES;
				CLANG_WARN_CONSTANT_CONVERSION = YES;
				CLANG_WARN_DEPRECATED_OBJC_IMPLEMENTATIONS = YES;
				CLANG_WARN_DIRECT_OBJC_ISA_USAGE = YES_ERROR;
				CLANG_WARN_DOCUMENTATION_COMMENTS = YES;
				CLANG_WARN_EMPTY_BODY = YES;
				CLANG_WARN_ENUM_CONVERSION = YES;
				CLANG_WARN_INFINITE_RECURSION = YES;
				CLANG_WARN_INT_CONVERSION = YES;
				CLANG_WARN_NON_LITERAL_NULL_CONVERSION = YES;
				CLANG_WARN_OBJC_IMPLICIT_RETAIN_SELF = YES;
				CLANG_WARN_OBJC_LITERAL_CONVERSION = YES;
				CLANG_WARN_OBJC_ROOT_CLASS = YES_ERROR;
				CLANG_WARN_RANGE_LOOP_ANALYSIS = YES;
				CLANG_WARN_STRICT_PROTOTYPES = YES;
				CLANG_WARN_SUSPICIOUS_MOVE = YES;
				CLANG_WARN_UNGUARDED_AVAILABILITY = YES_AGGRESSIVE;
				CLANG_WARN_UNREACHABLE_CODE = YES;
				CLANG_WARN__DUPLICATE_METHOD_MATCH = YES;
				COPY_PHASE_STRIP = NO;
				DEBUG_INFORMATION_FORMAT = "dwarf-with-dsym";
				ENABLE_NS_ASSERTIONS = NO;
				ENABLE_STRICT_OBJC_MSGSEND = YES;
				GCC_C_LANGUAGE_STANDARD = gnu11;
				GCC_NO_COMMON_BLOCKS = YES;
				GCC_WARN_64_TO_32_BIT_CONVERSION = YES;
				GCC_WARN_ABOUT_RETURN_TYPE = YES_ERROR;
				GCC_WARN_UNDECLARED_SELECTOR = YES;
				GCC_WARN_UNINITIALIZED_AUTOS = YES_AGGRESSIVE;
				GCC_WARN_UNUSED_FUNCTION = YES;
				GCC_WARN_UNUSED_VARIABLE = YES;
				IPHONEOS_DEPLOYMENT_TARGET = 13.2;
				MTL_ENABLE_DEBUG_INFO = NO;
				MTL_FAST_MATH = YES;
				SDKROOT = iphoneos;
				SWIFT_COMPILATION_MODE = wholemodule;
				SWIFT_OPTIMIZATION_LEVEL = "-O";
				VALIDATE_PRODUCT = YES;
			};
			name = Release;
		};
		A7D1D8B323E568D400FF1270 /* Debug */ = {
			isa = XCBuildConfiguration;
			baseConfigurationReference = 637499B5479D2E7D809F4D06 /* Pods-PetrTradr.debug.xcconfig */;
			buildSettings = {
				ASSETCATALOG_COMPILER_APPICON_NAME = AppIcon;
				CODE_SIGN_STYLE = Automatic;
				DEVELOPMENT_TEAM = BM495Y497C;
				INFOPLIST_FILE = PetrTradr/Info.plist;
				LD_RUNPATH_SEARCH_PATHS = (
					"$(inherited)",
					"@executable_path/Frameworks",
				);
				PRODUCT_BUNDLE_IDENTIFIER = SL.PetrTradr;
				PRODUCT_NAME = "$(TARGET_NAME)";
				SWIFT_VERSION = 5.0;
				TARGETED_DEVICE_FAMILY = "1,2";
			};
			name = Debug;
		};
		A7D1D8B423E568D400FF1270 /* Release */ = {
			isa = XCBuildConfiguration;
			baseConfigurationReference = E56BF020727A0C77C83686BB /* Pods-PetrTradr.release.xcconfig */;
			buildSettings = {
				ASSETCATALOG_COMPILER_APPICON_NAME = AppIcon;
				CODE_SIGN_STYLE = Automatic;
				DEVELOPMENT_TEAM = BM495Y497C;
				INFOPLIST_FILE = PetrTradr/Info.plist;
				LD_RUNPATH_SEARCH_PATHS = (
					"$(inherited)",
					"@executable_path/Frameworks",
				);
				PRODUCT_BUNDLE_IDENTIFIER = SL.PetrTradr;
				PRODUCT_NAME = "$(TARGET_NAME)";
				SWIFT_VERSION = 5.0;
				TARGETED_DEVICE_FAMILY = "1,2";
			};
			name = Release;
		};
/* End XCBuildConfiguration section */

/* Begin XCConfigurationList section */
		A7D1D89623E568D200FF1270 /* Build configuration list for PBXProject "PetrTradr" */ = {
			isa = XCConfigurationList;
			buildConfigurations = (
				A7D1D8B023E568D400FF1270 /* Debug */,
				A7D1D8B123E568D400FF1270 /* Release */,
			);
			defaultConfigurationIsVisible = 0;
			defaultConfigurationName = Release;
		};
		A7D1D8B223E568D400FF1270 /* Build configuration list for PBXNativeTarget "PetrTradr" */ = {
			isa = XCConfigurationList;
			buildConfigurations = (
				A7D1D8B323E568D400FF1270 /* Debug */,
				A7D1D8B423E568D400FF1270 /* Release */,
			);
			defaultConfigurationIsVisible = 0;
			defaultConfigurationName = Release;
		};
/* End XCConfigurationList section */

/* Begin XCVersionGroup section */
		A7D1D8A723E568D200FF1270 /* PetrTradr.xcdatamodeld */ = {
			isa = XCVersionGroup;
			children = (
				A7D1D8A823E568D200FF1270 /* PetrTradr.xcdatamodel */,
			);
			currentVersion = A7D1D8A823E568D200FF1270 /* PetrTradr.xcdatamodel */;
			path = PetrTradr.xcdatamodeld;
			sourceTree = "<group>";
			versionGroupType = wrapper.xcdatamodel;
		};
/* End XCVersionGroup section */
	};
	rootObject = A7D1D89323E568D200FF1270 /* Project object */;
}
